
Microsoft Visual Studio Solution File, Format Version 12.00
# Visual Studio Version 17
VisualStudioVersion = 17.13.35507.96 d17.13
MinimumVisualStudioVersion = 10.0.40219.1
Project("{FAE04EC0-301F-11D3-BF4B-00C04F79EFBC}") = "AppConfigurationByRahulNath", "AppConfigurationByRahulNath\AppConfigurationByRahulNath.csproj", "{B8902C7D-D9CF-4731-8711-3761DC8BB938}"
EndProject
Global
	GlobalSection(SolutionConfigurationPlatforms) = preSolution
		Debug|Any CPU = Debug|Any CPU
		Release|Any CPU = Release|Any CPU
	EndGlobalSection
	GlobalSection(ProjectConfigurationPlatforms) = postSolution
		{B8902C7D-D9CF-4731-8711-3761DC8BB938}.Debug|Any CPU.ActiveCfg = Debug|Any CPU
		{B8902C7D-D9CF-4731-8711-3761DC8BB938}.Debug|Any CPU.Build.0 = Debug|Any CPU
		{B8902C7D-D9CF-4731-8711-3761DC8BB938}.Release|Any CPU.ActiveCfg = Release|Any CPU
		{B8902C7D-D9CF-4731-8711-3761DC8BB938}.Release|Any CPU.Build.0 = Release|Any CPU
	EndGlobalSection
	GlobalSection(SolutionProperties) = preSolution
		HideSolutionNode = FALSE
	EndGlobalSection
	GlobalSection(ExtensibilityGlobals) = postSolution
		SolutionGuid = {13C28EE8-5CC4-4CF7-A2A3-FCB401AA1144}
	EndGlobalSection
EndGlobal
